
Microsoft Visual Studio Solution File, Format Version 12.00
# Visual Studio Version 17
VisualStudioVersion = 17.4.33213.308
MinimumVisualStudioVersion = 10.0.40219.1
Project("{9A19103F-16F7-4668-BE54-9A1E7A4F7556}") = "Synthons.Domain", "Synthons.Domain\Synthons.Domain.csproj", "{5A52BD5E-DDB0-453F-B89B-E98EFDF6C4C7}"
EndProject
Project("{9A19103F-16F7-4668-BE54-9A1E7A4F7556}") = "Synthons.Infrastructure", "Synthons.Infrastructure\Synthons.Infrastructure.csproj", "{5AB7BCFA-A93F-42A4-881D-10E898996B8F}"
EndProject
Project("{9A19103F-16F7-4668-BE54-9A1E7A4F7556}") = "Synthons.WPF", "Synthons.WPF\Synthons.WPF.csproj", "{DFC27692-2979-4658-824D-2618FB519CB4}"
EndProject
Project("{9A19103F-16F7-4668-BE54-9A1E7A4F7556}") = "Synthons.WPF.Core", "Synthons.WPF.Core\Synthons.WPF.Core.csproj", "{EADCD81A-8927-44AE-9E4C-7E30AD0573F1}"
EndProject
Project("{9A19103F-16F7-4668-BE54-9A1E7A4F7556}") = "Synthons.WPF.Reporting", "Synthons.WPF.Reporting\Synthons.WPF.Reporting.csproj", "{A96B82C3-AB76-4940-AF9A-BE17FF59029A}"
EndProject
Project("{2150E333-8FDC-42A3-9474-1A3956D46DE8}") = "Solution Items", "Solution Items", "{4CC304E6-1FBE-4F55-A2B9-FFE554BC9BA2}"
	ProjectSection(SolutionItems) = preProject
		readme.md = readme.md
	EndProjectSection
EndProject
Global
	GlobalSection(SolutionConfigurationPlatforms) = preSolution
		Debug|Any CPU = Debug|Any CPU
		Debug|ARM64 = Debug|ARM64
		Debug|x64 = Debug|x64
		Debug|x86 = Debug|x86
		Release|Any CPU = Release|Any CPU
		Release|ARM64 = Release|ARM64
		Release|x64 = Release|x64
		Release|x86 = Release|x86
	EndGlobalSection
	GlobalSection(ProjectConfigurationPlatforms) = postSolution
		{5A52BD5E-DDB0-453F-B89B-E98EFDF6C4C7}.Debug|Any CPU.ActiveCfg = Debug|Any CPU
		{5A52BD5E-DDB0-453F-B89B-E98EFDF6C4C7}.Debug|Any CPU.Build.0 = Debug|Any CPU
		{5A52BD5E-DDB0-453F-B89B-E98EFDF6C4C7}.Debug|ARM64.ActiveCfg = Debug|Any CPU
		{5A52BD5E-DDB0-453F-B89B-E98EFDF6C4C7}.Debug|ARM64.Build.0 = Debug|Any CPU
		{5A52BD5E-DDB0-453F-B89B-E98EFDF6C4C7}.Debug|x64.ActiveCfg = Debug|Any CPU
		{5A52BD5E-DDB0-453F-B89B-E98EFDF6C4C7}.Debug|x64.Build.0 = Debug|Any CPU
		{5A52BD5E-DDB0-453F-B89B-E98EFDF6C4C7}.Debug|x86.ActiveCfg = Debug|Any CPU
		{5A52BD5E-DDB0-453F-B89B-E98EFDF6C4C7}.Debug|x86.Build.0 = Debug|Any CPU
		{5A52BD5E-DDB0-453F-B89B-E98EFDF6C4C7}.Release|Any CPU.ActiveCfg = Release|Any CPU
		{5A52BD5E-DDB0-453F-B89B-E98EFDF6C4C7}.Release|Any CPU.Build.0 = Release|Any CPU
		{5A52BD5E-DDB0-453F-B89B-E98EFDF6C4C7}.Release|ARM64.ActiveCfg = Release|Any CPU
		{5A52BD5E-DDB0-453F-B89B-E98EFDF6C4C7}.Release|ARM64.Build.0 = Release|Any CPU
		{5A52BD5E-DDB0-453F-B89B-E98EFDF6C4C7}.Release|x64.ActiveCfg = Release|Any CPU
		{5A52BD5E-DDB0-453F-B89B-E98EFDF6C4C7}.Release|x64.Build.0 = Release|Any CPU
		{5A52BD5E-DDB0-453F-B89B-E98EFDF6C4C7}.Release|x86.ActiveCfg = Release|Any CPU
		{5A52BD5E-DDB0-453F-B89B-E98EFDF6C4C7}.Release|x86.Build.0 = Release|Any CPU
		{5AB7BCFA-A93F-42A4-881D-10E898996B8F}.Debug|Any CPU.ActiveCfg = Debug|Any CPU
		{5AB7BCFA-A93F-42A4-881D-10E898996B8F}.Debug|Any CPU.Build.0 = Debug|Any CPU
		{5AB7BCFA-A93F-42A4-881D-10E898996B8F}.Debug|ARM64.ActiveCfg = Debug|Any CPU
		{5AB7BCFA-A93F-42A4-881D-10E898996B8F}.Debug|ARM64.Build.0 = Debug|Any CPU
		{5AB7BCFA-A93F-42A4-881D-10E898996B8F}.Debug|x64.ActiveCfg = Debug|Any CPU
		{5AB7BCFA-A93F-42A4-881D-10E898996B8F}.Debug|x64.Build.0 = Debug|Any CPU
		{5AB7BCFA-A93F-42A4-881D-10E898996B8F}.Debug|x86.ActiveCfg = Debug|Any CPU
		{5AB7BCFA-A93F-42A4-881D-10E898996B8F}.Debug|x86.Build.0 = Debug|Any CPU
		{5AB7BCFA-A93F-42A4-881D-10E898996B8F}.Release|Any CPU.ActiveCfg = Release|Any CPU
		{5AB7BCFA-A93F-42A4-881D-10E898996B8F}.Release|Any CPU.Build.0 = Release|Any CPU
		{5AB7BCFA-A93F-42A4-881D-10E898996B8F}.Release|ARM64.ActiveCfg = Release|Any CPU
		{5AB7BCFA-A93F-42A4-881D-10E898996B8F}.Release|ARM64.Build.0 = Release|Any CPU
		{5AB7BCFA-A93F-42A4-881D-10E898996B8F}.Release|x64.ActiveCfg = Release|Any CPU
		{5AB7BCFA-A93F-42A4-881D-10E898996B8F}.Release|x64.Build.0 = Release|Any CPU
		{5AB7BCFA-A93F-42A4-881D-10E898996B8F}.Release|x86.ActiveCfg = Release|Any CPU
		{5AB7BCFA-A93F-42A4-881D-10E898996B8F}.Release|x86.Build.0 = Release|Any CPU
		{DFC27692-2979-4658-824D-2618FB519CB4}.Debug|Any CPU.ActiveCfg = Debug|Any CPU
		{DFC27692-2979-4658-824D-2618FB519CB4}.Debug|Any CPU.Build.0 = Debug|Any CPU
		{DFC27692-2979-4658-824D-2618FB519CB4}.Debug|ARM64.ActiveCfg = Debug|Any CPU
		{DFC27692-2979-4658-824D-2618FB519CB4}.Debug|ARM64.Build.0 = Debug|Any CPU
		{DFC27692-2979-4658-824D-2618FB519CB4}.Debug|x64.ActiveCfg = Debug|Any CPU
		{DFC27692-2979-4658-824D-2618FB519CB4}.Debug|x64.Build.0 = Debug|Any CPU
		{DFC27692-2979-4658-824D-2618FB519CB4}.Debug|x86.ActiveCfg = Debug|Any CPU
		{DFC27692-2979-4658-824D-2618FB519CB4}.Debug|x86.Build.0 = Debug|Any CPU
		{DFC27692-2979-4658-824D-2618FB519CB4}.Release|Any CPU.ActiveCfg = Release|Any CPU
		{DFC27692-2979-4658-824D-2618FB519CB4}.Release|Any CPU.Build.0 = Release|Any CPU
		{DFC27692-2979-4658-824D-2618FB519CB4}.Release|ARM64.ActiveCfg = Release|Any CPU
		{DFC27692-2979-4658-824D-2618FB519CB4}.Release|ARM64.Build.0 = Release|Any CPU
		{DFC27692-2979-4658-824D-2618FB519CB4}.Release|x64.ActiveCfg = Release|Any CPU
		{DFC27692-2979-4658-824D-2618FB519CB4}.Release|x64.Build.0 = Release|Any CPU
		{DFC27692-2979-4658-824D-2618FB519CB4}.Release|x86.ActiveCfg = Release|Any CPU
		{DFC27692-2979-4658-824D-2618FB519CB4}.Release|x86.Build.0 = Release|Any CPU
		{EADCD81A-8927-44AE-9E4C-7E30AD0573F1}.Debug|Any CPU.ActiveCfg = Debug|Any CPU
		{EADCD81A-8927-44AE-9E4C-7E30AD0573F1}.Debug|Any CPU.Build.0 = Debug|Any CPU
		{EADCD81A-8927-44AE-9E4C-7E30AD0573F1}.Debug|ARM64.ActiveCfg = Debug|Any CPU
		{EADCD81A-8927-44AE-9E4C-7E30AD0573F1}.Debug|ARM64.Build.0 = Debug|Any CPU
		{EADCD81A-8927-44AE-9E4C-7E30AD0573F1}.Debug|x64.ActiveCfg = Debug|Any CPU
		{EADCD81A-8927-44AE-9E4C-7E30AD0573F1}.Debug|x64.Build.0 = Debug|Any CPU
		{EADCD81A-8927-44AE-9E4C-7E30AD0573F1}.Debug|x86.ActiveCfg = Debug|Any CPU
		{EADCD81A-8927-44AE-9E4C-7E30AD0573F1}.Debug|x86.Build.0 = Debug|Any CPU
		{EADCD81A-8927-44AE-9E4C-7E30AD0573F1}.Release|Any CPU.ActiveCfg = Release|Any CPU
		{EADCD81A-8927-44AE-9E4C-7E30AD0573F1}.Release|Any CPU.Build.0 = Release|Any CPU
		{EADCD81A-8927-44AE-9E4C-7E30AD0573F1}.Release|ARM64.ActiveCfg = Release|Any CPU
		{EADCD81A-8927-44AE-9E4C-7E30AD0573F1}.Release|ARM64.Build.0 = Release|Any CPU
		{EADCD81A-8927-44AE-9E4C-7E30AD0573F1}.Release|x64.ActiveCfg = Release|Any CPU
		{EADCD81A-8927-44AE-9E4C-7E30AD0573F1}.Release|x64.Build.0 = Release|Any CPU
		{EADCD81A-8927-44AE-9E4C-7E30AD0573F1}.Release|x86.ActiveCfg = Release|Any CPU
		{EADCD81A-8927-44AE-9E4C-7E30AD0573F1}.Release|x86.Build.0 = Release|Any CPU
		{A96B82C3-AB76-4940-AF9A-BE17FF59029A}.Debug|Any CPU.ActiveCfg = Debug|Any CPU
		{A96B82C3-AB76-4940-AF9A-BE17FF59029A}.Debug|Any CPU.Build.0 = Debug|Any CPU
		{A96B82C3-AB76-4940-AF9A-BE17FF59029A}.Debug|ARM64.ActiveCfg = Debug|Any CPU
		{A96B82C3-AB76-4940-AF9A-BE17FF59029A}.Debug|ARM64.Build.0 = Debug|Any CPU
		{A96B82C3-AB76-4940-AF9A-BE17FF59029A}.Debug|x64.ActiveCfg = Debug|Any CPU
		{A96B82C3-AB76-4940-AF9A-BE17FF59029A}.Debug|x64.Build.0 = Debug|Any CPU
		{A96B82C3-AB76-4940-AF9A-BE17FF59029A}.Debug|x86.ActiveCfg = Debug|Any CPU
		{A96B82C3-AB76-4940-AF9A-BE17FF59029A}.Debug|x86.Build.0 = Debug|Any CPU
		{A96B82C3-AB76-4940-AF9A-BE17FF59029A}.Release|Any CPU.ActiveCfg = Release|Any CPU
		{A96B82C3-AB76-4940-AF9A-BE17FF59029A}.Release|Any CPU.Build.0 = Release|Any CPU
		{A96B82C3-AB76-4940-AF9A-BE17FF59029A}.Release|ARM64.ActiveCfg = Release|Any CPU
		{A96B82C3-AB76-4940-AF9A-BE17FF59029A}.Release|ARM64.Build.0 = Release|Any CPU
		{A96B82C3-AB76-4940-AF9A-BE17FF59029A}.Release|x64.ActiveCfg = Release|Any CPU
		{A96B82C3-AB76-4940-AF9A-BE17FF59029A}.Release|x64.Build.0 = Release|Any CPU
		{A96B82C3-AB76-4940-AF9A-BE17FF59029A}.Release|x86.ActiveCfg = Release|Any CPU
		{A96B82C3-AB76-4940-AF9A-BE17FF59029A}.Release|x86.Build.0 = Release|Any CPU
	EndGlobalSection
	GlobalSection(SolutionProperties) = preSolution
		HideSolutionNode = FALSE
	EndGlobalSection
	GlobalSection(ExtensibilityGlobals) = postSolution
		SolutionGuid = {B59856EC-F10A-48C7-B0C9-6BA98655E74E}
	EndGlobalSection
EndGlobal
